
Microsoft Visual Studio Solution File, Format Version 12.00
# Visual Studio 15
VisualStudioVersion = 15.0.28307.1062
MinimumVisualStudioVersion = 10.0.40219.1
Project("{9A19103F-16F7-4668-BE54-9A1E7A4F7556}") = "UAutoSDK_NGUI", "UAutoSDK_NGUI.csproj", "{8E8DECDE-B94C-4823-94D5-31B4AEC2DADD}"
EndProject
Global
	GlobalSection(SolutionConfigurationPlatforms) = preSolution
		Debug|Any CPU = Debug|Any CPU
		Release|Any CPU = Release|Any CPU
	EndGlobalSection
	GlobalSection(ProjectConfigurationPlatforms) = postSolution
		{8E8DECDE-B94C-4823-94D5-31B4AEC2DADD}.Debug|Any CPU.ActiveCfg = Debug|Any CPU
		{8E8DECDE-B94C-4823-94D5-31B4AEC2DADD}.Debug|Any CPU.Build.0 = Debug|Any CPU
		{8E8DECDE-B94C-4823-94D5-31B4AEC2DADD}.Release|Any CPU.ActiveCfg = Release|Any CPU
		{8E8DECDE-B94C-4823-94D5-31B4AEC2DADD}.Release|Any CPU.Build.0 = Release|Any CPU
	EndGlobalSection
	GlobalSection(SolutionProperties) = preSolution
		HideSolutionNode = FALSE
	EndGlobalSection
	GlobalSection(ExtensibilityGlobals) = postSolution
		SolutionGuid = {85322209-DF26-4A44-AB00-A2D09BC11CEA}
	EndGlobalSection
EndGlobal
