
Microsoft Visual Studio Solution File, Format Version 12.00
# Visual Studio 15
VisualStudioVersion = 15.0.28307.1062
MinimumVisualStudioVersion = 10.0.40219.1
Project("{9A19103F-16F7-4668-BE54-9A1E7A4F7556}") = "UAutoSDK_2019_UGUI", "UAutoSDK_2019_UGUI.csproj", "{810B00F5-382B-4554-9F04-8192BEDC03F6}"
EndProject
Global
	GlobalSection(SolutionConfigurationPlatforms) = preSolution
		Debug|Any CPU = Debug|Any CPU
		Release|Any CPU = Release|Any CPU
	EndGlobalSection
	GlobalSection(ProjectConfigurationPlatforms) = postSolution
		{810B00F5-382B-4554-9F04-8192BEDC03F6}.Debug|Any CPU.ActiveCfg = Debug|Any CPU
		{810B00F5-382B-4554-9F04-8192BEDC03F6}.Debug|Any CPU.Build.0 = Debug|Any CPU
		{810B00F5-382B-4554-9F04-8192BEDC03F6}.Release|Any CPU.ActiveCfg = Release|Any CPU
		{810B00F5-382B-4554-9F04-8192BEDC03F6}.Release|Any CPU.Build.0 = Release|Any CPU
	EndGlobalSection
	GlobalSection(SolutionProperties) = preSolution
		HideSolutionNode = FALSE
	EndGlobalSection
	GlobalSection(ExtensibilityGlobals) = postSolution
		SolutionGuid = {A4E1D805-3CC8-4360-992C-C4B7396C6968}
	EndGlobalSection
EndGlobal
